
Microsoft Visual Studio Solution File, Format Version 12.00
# Visual Studio 15
VisualStudioVersion = 15.0.28010.2019
MinimumVisualStudioVersion = 10.0.40219.1
Project("{9A19103F-16F7-4668-BE54-9A1E7A4F7556}") = "CarpentryWebsite", "CarpentryWebsite\CarpentryWebsite.csproj", "{DCA8D64A-CC49-4533-ACC3-7F08CE1BA0BA}"
EndProject
Project("{FAE04EC0-301F-11D3-BF4B-00C04F79EFBC}") = "UnitTests", "UnitTests\UnitTests.csproj", "{3AF9F85C-1115-4D1F-A3DC-373D0E7E4DF7}"
EndProject
Global
	GlobalSection(SolutionConfigurationPlatforms) = preSolution
		Debug|Any CPU = Debug|Any CPU
		Release|Any CPU = Release|Any CPU
	EndGlobalSection
	GlobalSection(ProjectConfigurationPlatforms) = postSolution
		{DCA8D64A-CC49-4533-ACC3-7F08CE1BA0BA}.Debug|Any CPU.ActiveCfg = Debug|Any CPU
		{DCA8D64A-CC49-4533-ACC3-7F08CE1BA0BA}.Debug|Any CPU.Build.0 = Debug|Any CPU
		{DCA8D64A-CC49-4533-ACC3-7F08CE1BA0BA}.Release|Any CPU.ActiveCfg = Release|Any CPU
		{DCA8D64A-CC49-4533-ACC3-7F08CE1BA0BA}.Release|Any CPU.Build.0 = Release|Any CPU
		{3AF9F85C-1115-4D1F-A3DC-373D0E7E4DF7}.Debug|Any CPU.ActiveCfg = Debug|Any CPU
		{3AF9F85C-1115-4D1F-A3DC-373D0E7E4DF7}.Debug|Any CPU.Build.0 = Debug|Any CPU
		{3AF9F85C-1115-4D1F-A3DC-373D0E7E4DF7}.Release|Any CPU.ActiveCfg = Release|Any CPU
		{3AF9F85C-1115-4D1F-A3DC-373D0E7E4DF7}.Release|Any CPU.Build.0 = Release|Any CPU
	EndGlobalSection
	GlobalSection(SolutionProperties) = preSolution
		HideSolutionNode = FALSE
	EndGlobalSection
	GlobalSection(ExtensibilityGlobals) = postSolution
		SolutionGuid = {349BD766-3DAA-494C-9C77-33BB3BE52A6E}
	EndGlobalSection
EndGlobal
